// !$*UTF8*$!
{
	archiveVersion = 1;
	classes = {
	};
	objectVersion = 46;
	objects = {

/* Begin PBXBuildFile section */
		60A8F50E1C8A8F3200F45996 /* main.cpp in Sources */ = {isa = PBXBuildFile; fileRef = 60A8F50D1C8A8F3200F45996 /* main.cpp */; };
		60A8F5171C8B52C400F45996 /* DiskList.cpp in Sources */ = {isa = PBXBuildFile; fileRef = 60A8F5161C8B52C400F45996 /* DiskList.cpp */; };
/* End PBXBuildFile section */

/* Begin PBXCopyFilesBuildPhase section */
		60A8F5081C8A8F3200F45996 /* CopyFiles */ = {
			isa = PBXCopyFilesBuildPhase;
			buildActionMask = 2147483647;
			dstPath = /usr/share/man/man1/;
			dstSubfolderSpec = 0;
			files = (
			);
			runOnlyForDeploymentPostprocessing = 1;
		};
/* End PBXCopyFilesBuildPhase section */

/* Begin PBXFileReference section */
		60A8F50A1C8A8F3200F45996 /* Project 4 Warmup */ = {isa = PBXFileReference; explicitFileType = "compiled.mach-o.executable"; includeInIndex = 0; path = "Project 4 Warmup"; sourceTree = BUILT_PRODUCTS_DIR; };
		60A8F50D1C8A8F3200F45996 /* main.cpp */ = {isa = PBXFileReference; lastKnownFileType = sourcecode.cpp.cpp; path = main.cpp; sourceTree = "<group>"; };
		60A8F5141C8B524300F45996 /* BinaryFile.h */ = {isa = PBXFileReference; lastKnownFileType = sourcecode.c.h; path = BinaryFile.h; sourceTree = "<group>"; };
		60A8F5151C8B52AA00F45996 /* DiskList.h */ = {isa = PBXFileReference; lastKnownFileType = sourcecode.c.h; path = DiskList.h; sourceTree = "<group>"; };
		60A8F5161C8B52C400F45996 /* DiskList.cpp */ = {isa = PBXFileReference; fileEncoding = 4; lastKnownFileType = sourcecode.cpp.cpp; path = DiskList.cpp; sourceTree = "<group>"; };
/* End PBXFileReference section */

/* Begin PBXFrameworksBuildPhase section */
		60A8F5071C8A8F3200F45996 /* Frameworks */ = {
			isa = PBXFrameworksBuildPhase;
			buildActionMask = 2147483647;
			files = (
			);
			runOnlyForDeploymentPostprocessing = 0;
		};
/* End PBXFrameworksBuildPhase section */

/* Begin PBXGroup section */
		60A8F5011C8A8F3200F45996 = {
			isa = PBXGroup;
			children = (
				60A8F50C1C8A8F3200F45996 /* Project 4 Warmup */,
				60A8F50B1C8A8F3200F45996 /* Products */,
			);
			sourceTree = "<group>";
		};
		60A8F50B1C8A8F3200F45996 /* Products */ = {
			isa = PBXGroup;
			children = (
				60A8F50A1C8A8F3200F45996 /* Project 4 Warmup */,
			);
			name = Products;
			sourceTree = "<group>";
		};
		60A8F50C1C8A8F3200F45996 /* Project 4 Warmup */ = {
			isa = PBXGroup;
			children = (
				60A8F50D1C8A8F3200F45996 /* main.cpp */,
				60A8F5141C8B524300F45996 /* BinaryFile.h */,
				60A8F5151C8B52AA00F45996 /* DiskList.h */,
				60A8F5161C8B52C400F45996 /* DiskList.cpp */,
			);
			path = "Project 4 Warmup";
			sourceTree = "<group>";
		};
/* End PBXGroup section */

/* Begin PBXNativeTarget section */
		60A8F5091C8A8F3200F45996 /* Project 4 Warmup */ = {
			isa = PBXNativeTarget;
			buildConfigurationList = 60A8F5111C8A8F3200F45996 /* Build configuration list for PBXNativeTarget "Project 4 Warmup" */;
			buildPhases = (
				60A8F5061C8A8F3200F45996 /* Sources */,
				60A8F5071C8A8F3200F45996 /* Frameworks */,
				60A8F5081C8A8F3200F45996 /* CopyFiles */,
			);
			buildRules = (
			);
			dependencies = (
			);
			name = "Project 4 Warmup";
			productName = "Project 4 Warmup";
			productReference = 60A8F50A1C8A8F3200F45996 /* Project 4 Warmup */;
			productType = "com.apple.product-type.tool";
		};
/* End PBXNativeTarget section */

/* Begin PBXProject section */
		60A8F5021C8A8F3200F45996 /* Project object */ = {
			isa = PBXProject;
			attributes = {
				LastUpgradeCheck = 0720;
				ORGANIZATIONNAME = Gopi;
				TargetAttributes = {
					60A8F5091C8A8F3200F45996 = {
						CreatedOnToolsVersion = 7.2.1;
					};
				};
			};
			buildConfigurationList = 60A8F5051C8A8F3200F45996 /* Build configuration list for PBXProject "Project 4 Warmup" */;
			compatibilityVersion = "Xcode 3.2";
			developmentRegion = English;
			hasScannedForEncodings = 0;
			knownRegions = (
				en,
			);
			mainGroup = 60A8F5011C8A8F3200F45996;
			productRefGroup = 60A8F50B1C8A8F3200F45996 /* Products */;
			projectDirPath = "";
			projectRoot = "";
			targets = (
				60A8F5091C8A8F3200F45996 /* Project 4 Warmup */,
			);
		};
/* End PBXProject section */

/* Begin PBXSourcesBuildPhase section */
		60A8F5061C8A8F3200F45996 /* Sources */ = {
			isa = PBXSourcesBuildPhase;
			buildActionMask = 2147483647;
			files = (
				60A8F5171C8B52C400F45996 /* DiskList.cpp in Sources */,
				60A8F50E1C8A8F3200F45996 /* main.cpp in Sources */,
			);
			runOnlyForDeploymentPostprocessing = 0;
		};
/* End PBXSourcesBuildPhase section */

/* Begin XCBuildConfiguration section */
		60A8F50F1C8A8F3200F45996 /* Debug */ = {
			isa = XCBuildConfiguration;
			buildSettings = {
				ALWAYS_SEARCH_USER_PATHS = NO;
				CLANG_CXX_LANGUAGE_STANDARD = "gnu++0x";
				CLANG_CXX_LIBRARY = "libc++";
				CLANG_ENABLE_MODULES = YES;
				CLANG_ENABLE_OBJC_ARC = YES;
				CLANG_WARN_BOOL_CONVERSION = YES;
				CLANG_WARN_CONSTANT_CONVERSION = YES;
				CLANG_WARN_DIRECT_OBJC_ISA_USAGE = YES_ERROR;
				CLANG_WARN_EMPTY_BODY = YES;
				CLANG_WARN_ENUM_CONVERSION = YES;
				CLANG_WARN_INT_CONVERSION = YES;
				CLANG_WARN_OBJC_ROOT_CLASS = YES_ERROR;
				CLANG_WARN_UNREACHABLE_CODE = YES;
				CLANG_WARN__DUPLICATE_METHOD_MATCH = YES;
				CODE_SIGN_IDENTITY = "-";
				COPY_PHASE_STRIP = NO;
				DEBUG_INFORMATION_FORMAT = dwarf;
				ENABLE_STRICT_OBJC_MSGSEND = YES;
				ENABLE_TESTABILITY = YES;
				GCC_C_LANGUAGE_STANDARD = gnu99;
				GCC_DYNAMIC_NO_PIC = NO;
				GCC_NO_COMMON_BLOCKS = YES;
				GCC_OPTIMIZATION_LEVEL = 0;
				GCC_PREPROCESSOR_DEFINITIONS = (
					"DEBUG=1",
					"$(inherited)",
				);
				GCC_WARN_64_TO_32_BIT_CONVERSION = YES;
				GCC_WARN_ABOUT_RETURN_TYPE = YES_ERROR;
				GCC_WARN_UNDECLARED_SELECTOR = YES;
				GCC_WARN_UNINITIALIZED_AUTOS = YES_AGGRESSIVE;
				GCC_WARN_UNUSED_FUNCTION = YES;
				GCC_WARN_UNUSED_VARIABLE = YES;
				MACOSX_DEPLOYMENT_TARGET = 10.11;
				MTL_ENABLE_DEBUG_INFO = YES;
				ONLY_ACTIVE_ARCH = YES;
				SDKROOT = macosx;
			};
			name = Debug;
		};
		60A8F5101C8A8F3200F45996 /* Release */ = {
			isa = XCBuildConfiguration;
			buildSettings = {
				ALWAYS_SEARCH_USER_PATHS = NO;
				CLANG_CXX_LANGUAGE_STANDARD = "gnu++0x";
				CLANG_CXX_LIBRARY = "libc++";
				CLANG_ENABLE_MODULES = YES;
				CLANG_ENABLE_OBJC_ARC = YES;
				CLANG_WARN_BOOL_CONVERSION = YES;
				CLANG_WARN_CONSTANT_CONVERSION = YES;
				CLANG_WARN_DIRECT_OBJC_ISA_USAGE = YES_ERROR;
				CLANG_WARN_EMPTY_BODY = YES;
				CLANG_WARN_ENUM_CONVERSION = YES;
				CLANG_WARN_INT_CONVERSION = YES;
				CLANG_WARN_OBJC_ROOT_CLASS = YES_ERROR;
				CLANG_WARN_UNREACHABLE_CODE = YES;
				CLANG_WARN__DUPLICATE_METHOD_MATCH = YES;
				CODE_SIGN_IDENTITY = "-";
				COPY_PHASE_STRIP = NO;
				DEBUG_INFORMATION_FORMAT = "dwarf-with-dsym";
				ENABLE_NS_ASSERTIONS = NO;
				ENABLE_STRICT_OBJC_MSGSEND = YES;
				GCC_C_LANGUAGE_STANDARD = gnu99;
				GCC_NO_COMMON_BLOCKS = YES;
				GCC_WARN_64_TO_32_BIT_CONVERSION = YES;
				GCC_WARN_ABOUT_RETURN_TYPE = YES_ERROR;
				GCC_WARN_UNDECLARED_SELECTOR = YES;
				GCC_WARN_UNINITIALIZED_AUTOS = YES_AGGRESSIVE;
				GCC_WARN_UNUSED_FUNCTION = YES;
				GCC_WARN_UNUSED_VARIABLE = YES;
				MACOSX_DEPLOYMENT_TARGET = 10.11;
				MTL_ENABLE_DEBUG_INFO = NO;
				SDKROOT = macosx;
			};
			name = Release;
		};
		60A8F5121C8A8F3200F45996 /* Debug */ = {
			isa = XCBuildConfiguration;
			buildSettings = {
				PRODUCT_NAME = "$(TARGET_NAME)";
			};
			name = Debug;
		};
		60A8F5131C8A8F3200F45996 /* Release */ = {
			isa = XCBuildConfiguration;
			buildSettings = {
				PRODUCT_NAME = "$(TARGET_NAME)";
			};
			name = Release;
		};
/* End XCBuildConfiguration section */

/* Begin XCConfigurationList section */
		60A8F5051C8A8F3200F45996 /* Build configuration list for PBXProject "Project 4 Warmup" */ = {
			isa = XCConfigurationList;
			buildConfigurations = (
				60A8F50F1C8A8F3200F45996 /* Debug */,
				60A8F5101C8A8F3200F45996 /* Release */,
			);
			defaultConfigurationIsVisible = 0;
			defaultConfigurationName = Release;
		};
		60A8F5111C8A8F3200F45996 /* Build configuration list for PBXNativeTarget "Project 4 Warmup" */ = {
			isa = XCConfigurationList;
			buildConfigurations = (
				60A8F5121C8A8F3200F45996 /* Debug */,
				60A8F5131C8A8F3200F45996 /* Release */,
			);
			defaultConfigurationIsVisible = 0;
		};
/* End XCConfigurationList section */
	};
	rootObject = 60A8F5021C8A8F3200F45996 /* Project object */;
}
